
Microsoft Visual Studio Solution File, Format Version 12.00
# Visual Studio 2013
VisualStudioVersion = 12.0.21005.1
MinimumVisualStudioVersion = 10.0.40219.1
Project("{FAE04EC0-301F-11D3-BF4B-00C04F79EFBC}") = "MvcMusicStore", "MvcMusicStore\MvcMusicStore.csproj", "{452384FD-2ECE-4949-AABE-2DB1CA17ACD6}"
EndProject
Project("{FAE04EC0-301F-11D3-BF4B-00C04F79EFBC}") = "MvcMusicStore.Infrastructure", "MvcMusicStore.Infrastructure\MvcMusicStore.Infrastructure.csproj", "{7A830B98-F8E7-42B2-AB6C-5F0409649CE4}"
EndProject
Project("{FAE04EC0-301F-11D3-BF4B-00C04F79EFBC}") = "MvcMusicStore.CQRS", "MvcMusicStore.CQRS\MvcMusicStore.CQRS.csproj", "{3FD695E0-28C5-4C33-9174-100C87E36899}"
EndProject
Project("{FAE04EC0-301F-11D3-BF4B-00C04F79EFBC}") = "MvcMusicStore.Infrastructure.Azure", "MvcMusicStore.Infrastructure.Azure\MvcMusicStore.Infrastructure.Azure.csproj", "{C1A8C26A-0CC7-499A-AE24-FF974C10FA59}"
EndProject
Project("{FAE04EC0-301F-11D3-BF4B-00C04F79EFBC}") = "MvcMusicStore.Model", "MvcMusicStore.Model\MvcMusicStore.Model.csproj", "{3FCDEBAB-EEE8-4E1C-8F1A-0D2C8473D191}"
EndProject
Project("{CC5FD16D-436D-48AD-A40C-5A424C6E3E79}") = "MvcMusicStore.WorkerRole", "MvcMusicStore.WorkerRole\MvcMusicStore.WorkerRole.ccproj", "{B6214226-C36C-4FA6-AAE0-13834F9D612F}"
EndProject
Project("{FAE04EC0-301F-11D3-BF4B-00C04F79EFBC}") = "Processor", "Processor\Processor.csproj", "{C1C37EED-0345-4D1F-AA2A-BDF82971BEC7}"
EndProject
Project("{FAE04EC0-301F-11D3-BF4B-00C04F79EFBC}") = "MvcMusicStore.Infrastructure.Cache", "MvcMusicStore.Infrastructure.Cache\MvcMusicStore.Infrastructure.Cache.csproj", "{7E949E9A-3B04-4BBE-AB8F-646D0F9AA20A}"
EndProject
Project("{2150E333-8FDC-42A3-9474-1A3956D46DE8}") = "Clients", "Clients", "{ACDA00D4-B94F-490C-AC3E-94248419C7E4}"
EndProject
Project("{2150E333-8FDC-42A3-9474-1A3956D46DE8}") = "MVC5", "MVC5", "{8C02865C-2C79-4B54-8343-29BAB774C463}"
EndProject
Project("{2150E333-8FDC-42A3-9474-1A3956D46DE8}") = "Domain", "Domain", "{585E454A-B053-4EFB-B29C-BFFFC04C2A8A}"
EndProject
Project("{2150E333-8FDC-42A3-9474-1A3956D46DE8}") = "Infrastructure", "Infrastructure", "{07959359-EB5D-4C7C-B1D8-7739C3D8FDF6}"
EndProject
Project("{2150E333-8FDC-42A3-9474-1A3956D46DE8}") = "Deploy", "Deploy", "{88269093-86D6-4C63-B5D4-955B198B5DAA}"
EndProject
Project("{FAE04EC0-301F-11D3-BF4B-00C04F79EFBC}") = "MvcMusicStore.CacheWorkerRole", "CacheWorkerRole\MvcMusicStore.CacheWorkerRole.csproj", "{A59B87FE-7693-4709-A76E-514C8881299C}"
EndProject
Project("{FAE04EC0-301F-11D3-BF4B-00C04F79EFBC}") = "MvcMusicStore.CQRS.Core", "MvcMusicStore.CQRS.Core\MvcMusicStore.CQRS.Core.csproj", "{ACE5CEBB-242A-42B7-8B2D-7B753215E87B}"
EndProject
Global
	GlobalSection(SolutionConfigurationPlatforms) = preSolution
		Debug|Any CPU = Debug|Any CPU
		Release|Any CPU = Release|Any CPU
	EndGlobalSection
	GlobalSection(ProjectConfigurationPlatforms) = postSolution
		{452384FD-2ECE-4949-AABE-2DB1CA17ACD6}.Debug|Any CPU.ActiveCfg = Debug|Any CPU
		{452384FD-2ECE-4949-AABE-2DB1CA17ACD6}.Debug|Any CPU.Build.0 = Debug|Any CPU
		{452384FD-2ECE-4949-AABE-2DB1CA17ACD6}.Release|Any CPU.ActiveCfg = Release|Any CPU
		{452384FD-2ECE-4949-AABE-2DB1CA17ACD6}.Release|Any CPU.Build.0 = Release|Any CPU
		{7A830B98-F8E7-42B2-AB6C-5F0409649CE4}.Debug|Any CPU.ActiveCfg = Debug|Any CPU
		{7A830B98-F8E7-42B2-AB6C-5F0409649CE4}.Debug|Any CPU.Build.0 = Debug|Any CPU
		{7A830B98-F8E7-42B2-AB6C-5F0409649CE4}.Release|Any CPU.ActiveCfg = Release|Any CPU
		{7A830B98-F8E7-42B2-AB6C-5F0409649CE4}.Release|Any CPU.Build.0 = Release|Any CPU
		{3FD695E0-28C5-4C33-9174-100C87E36899}.Debug|Any CPU.ActiveCfg = Debug|Any CPU
		{3FD695E0-28C5-4C33-9174-100C87E36899}.Debug|Any CPU.Build.0 = Debug|Any CPU
		{3FD695E0-28C5-4C33-9174-100C87E36899}.Release|Any CPU.ActiveCfg = Release|Any CPU
		{3FD695E0-28C5-4C33-9174-100C87E36899}.Release|Any CPU.Build.0 = Release|Any CPU
		{C1A8C26A-0CC7-499A-AE24-FF974C10FA59}.Debug|Any CPU.ActiveCfg = Debug|Any CPU
		{C1A8C26A-0CC7-499A-AE24-FF974C10FA59}.Debug|Any CPU.Build.0 = Debug|Any CPU
		{C1A8C26A-0CC7-499A-AE24-FF974C10FA59}.Release|Any CPU.ActiveCfg = Release|Any CPU
		{C1A8C26A-0CC7-499A-AE24-FF974C10FA59}.Release|Any CPU.Build.0 = Release|Any CPU
		{3FCDEBAB-EEE8-4E1C-8F1A-0D2C8473D191}.Debug|Any CPU.ActiveCfg = Debug|Any CPU
		{3FCDEBAB-EEE8-4E1C-8F1A-0D2C8473D191}.Debug|Any CPU.Build.0 = Debug|Any CPU
		{3FCDEBAB-EEE8-4E1C-8F1A-0D2C8473D191}.Release|Any CPU.ActiveCfg = Release|Any CPU
		{3FCDEBAB-EEE8-4E1C-8F1A-0D2C8473D191}.Release|Any CPU.Build.0 = Release|Any CPU
		{B6214226-C36C-4FA6-AAE0-13834F9D612F}.Debug|Any CPU.ActiveCfg = Debug|Any CPU
		{B6214226-C36C-4FA6-AAE0-13834F9D612F}.Debug|Any CPU.Build.0 = Debug|Any CPU
		{B6214226-C36C-4FA6-AAE0-13834F9D612F}.Release|Any CPU.ActiveCfg = Release|Any CPU
		{B6214226-C36C-4FA6-AAE0-13834F9D612F}.Release|Any CPU.Build.0 = Release|Any CPU
		{C1C37EED-0345-4D1F-AA2A-BDF82971BEC7}.Debug|Any CPU.ActiveCfg = Debug|Any CPU
		{C1C37EED-0345-4D1F-AA2A-BDF82971BEC7}.Debug|Any CPU.Build.0 = Debug|Any CPU
		{C1C37EED-0345-4D1F-AA2A-BDF82971BEC7}.Release|Any CPU.ActiveCfg = Release|Any CPU
		{C1C37EED-0345-4D1F-AA2A-BDF82971BEC7}.Release|Any CPU.Build.0 = Release|Any CPU
		{7E949E9A-3B04-4BBE-AB8F-646D0F9AA20A}.Debug|Any CPU.ActiveCfg = Debug|Any CPU
		{7E949E9A-3B04-4BBE-AB8F-646D0F9AA20A}.Debug|Any CPU.Build.0 = Debug|Any CPU
		{7E949E9A-3B04-4BBE-AB8F-646D0F9AA20A}.Release|Any CPU.ActiveCfg = Release|Any CPU
		{7E949E9A-3B04-4BBE-AB8F-646D0F9AA20A}.Release|Any CPU.Build.0 = Release|Any CPU
		{A59B87FE-7693-4709-A76E-514C8881299C}.Debug|Any CPU.ActiveCfg = Debug|Any CPU
		{A59B87FE-7693-4709-A76E-514C8881299C}.Debug|Any CPU.Build.0 = Debug|Any CPU
		{A59B87FE-7693-4709-A76E-514C8881299C}.Release|Any CPU.ActiveCfg = Release|Any CPU
		{A59B87FE-7693-4709-A76E-514C8881299C}.Release|Any CPU.Build.0 = Release|Any CPU
		{ACE5CEBB-242A-42B7-8B2D-7B753215E87B}.Debug|Any CPU.ActiveCfg = Debug|Any CPU
		{ACE5CEBB-242A-42B7-8B2D-7B753215E87B}.Debug|Any CPU.Build.0 = Debug|Any CPU
		{ACE5CEBB-242A-42B7-8B2D-7B753215E87B}.Release|Any CPU.ActiveCfg = Release|Any CPU
		{ACE5CEBB-242A-42B7-8B2D-7B753215E87B}.Release|Any CPU.Build.0 = Release|Any CPU
	EndGlobalSection
	GlobalSection(SolutionProperties) = preSolution
		HideSolutionNode = FALSE
	EndGlobalSection
	GlobalSection(NestedProjects) = preSolution
		{8C02865C-2C79-4B54-8343-29BAB774C463} = {ACDA00D4-B94F-490C-AC3E-94248419C7E4}
		{C1A8C26A-0CC7-499A-AE24-FF974C10FA59} = {07959359-EB5D-4C7C-B1D8-7739C3D8FDF6}
		{C1C37EED-0345-4D1F-AA2A-BDF82971BEC7} = {07959359-EB5D-4C7C-B1D8-7739C3D8FDF6}
		{7E949E9A-3B04-4BBE-AB8F-646D0F9AA20A} = {07959359-EB5D-4C7C-B1D8-7739C3D8FDF6}
		{7A830B98-F8E7-42B2-AB6C-5F0409649CE4} = {07959359-EB5D-4C7C-B1D8-7739C3D8FDF6}
		{A59B87FE-7693-4709-A76E-514C8881299C} = {07959359-EB5D-4C7C-B1D8-7739C3D8FDF6}
		{3FCDEBAB-EEE8-4E1C-8F1A-0D2C8473D191} = {585E454A-B053-4EFB-B29C-BFFFC04C2A8A}
		{3FD695E0-28C5-4C33-9174-100C87E36899} = {585E454A-B053-4EFB-B29C-BFFFC04C2A8A}
		{ACE5CEBB-242A-42B7-8B2D-7B753215E87B} = {585E454A-B053-4EFB-B29C-BFFFC04C2A8A}
		{B6214226-C36C-4FA6-AAE0-13834F9D612F} = {88269093-86D6-4C63-B5D4-955B198B5DAA}
		{452384FD-2ECE-4949-AABE-2DB1CA17ACD6} = {8C02865C-2C79-4B54-8343-29BAB774C463}
	EndGlobalSection
EndGlobal
